
Microsoft Visual Studio Solution File, Format Version 12.00
# Visual Studio Version 16
VisualStudioVersion = 16.0.29424.173
MinimumVisualStudioVersion = 10.0.40219.1
Project("{FAE04EC0-301F-11D3-BF4B-00C04F79EFBC}") = "POC.Delivery.Api", "POC.Delivery.Api\POC.Delivery.Api.csproj", "{C65F6D31-BF9C-43B0-BE00-0A386AAFA933}"
EndProject
Project("{FAE04EC0-301F-11D3-BF4B-00C04F79EFBC}") = "POC.Delivery.Api.Tests", "POC.Delivery.Api.Tests\POC.Delivery.Api.Tests.csproj", "{A368A7C2-74C6-48C9-A214-A7997684BCB0}"
EndProject
Global
	GlobalSection(SolutionConfigurationPlatforms) = preSolution
		Debug|Any CPU = Debug|Any CPU
		Release|Any CPU = Release|Any CPU
	EndGlobalSection
	GlobalSection(ProjectConfigurationPlatforms) = postSolution
		{C65F6D31-BF9C-43B0-BE00-0A386AAFA933}.Debug|Any CPU.ActiveCfg = Debug|Any CPU
		{C65F6D31-BF9C-43B0-BE00-0A386AAFA933}.Debug|Any CPU.Build.0 = Debug|Any CPU
		{C65F6D31-BF9C-43B0-BE00-0A386AAFA933}.Release|Any CPU.ActiveCfg = Release|Any CPU
		{C65F6D31-BF9C-43B0-BE00-0A386AAFA933}.Release|Any CPU.Build.0 = Release|Any CPU
		{A368A7C2-74C6-48C9-A214-A7997684BCB0}.Debug|Any CPU.ActiveCfg = Debug|Any CPU
		{A368A7C2-74C6-48C9-A214-A7997684BCB0}.Debug|Any CPU.Build.0 = Debug|Any CPU
		{A368A7C2-74C6-48C9-A214-A7997684BCB0}.Release|Any CPU.ActiveCfg = Release|Any CPU
		{A368A7C2-74C6-48C9-A214-A7997684BCB0}.Release|Any CPU.Build.0 = Release|Any CPU
	EndGlobalSection
	GlobalSection(SolutionProperties) = preSolution
		HideSolutionNode = FALSE
	EndGlobalSection
	GlobalSection(ExtensibilityGlobals) = postSolution
		SolutionGuid = {D8353C1A-DE26-419D-92B5-541878837538}
	EndGlobalSection
EndGlobal
